{
  "version": 4,
  "terraform_version": "1.6.3",
  "serial": 8,
  "lineage": "c0ff0f2b-0877-ffe9-146f-560eed52018e",
  "outputs": {
    "ideal_cluster_certificate_authority_data": {
      "value": "LS0tLS1CRUdJTiBDRVJUSUZJQ0FURS0tLS0tCk1JSURCVENDQWUyZ0F3SUJBZ0lJQ1hzakxIeCtWVm93RFFZSktvWklodmNOQVFFTEJRQXdGVEVUTUJFR0ExVUUKQXhNS2EzVmlaWEp1WlhSbGN6QWVGdzB5TkRBME1EY3dOalU1TVRWYUZ3MHpOREEwTURVd056QTBNVFZhTUJVeApFekFSQmdOVkJBTVRDbXQxWW1WeWJtVjBaWE13Z2dFaU1BMEdDU3FHU0liM0RRRUJBUVVBQTRJQkR3QXdnZ0VLCkFvSUJBUUMrdFZTUDNjWEpjSVZvSFUyQlBoODA2TVZ0K3F6dDNGT3NhM21DUmNLNEVVVXlXdFJKNkpXUHNqYnMKcjZOZHhidFZNTG5LdjAwZk84Q1loMzR3UllGWTFLb0NKQkxVZm1Pa3BUaHc4bDBBeVkySS83MjhMT1VrYk9iYwpETGEyNHM4YjBCZ05wTG5TUGhHcUM4NzFoeE1McVBQMWFQRUtjT2REeUZ2aXlDWXpzR0xsTlR3d1MzU1FORG9tClZZaXM2V0l3Q3JERU83ZkUvYmtzbjlXRkEzZ2Yza1paQjhXb285dlFQQUNnWXFFdEZwOGpoZFI5eW9PSjdPVUkKUU5uQ0N4K0k1ak1hcndUUk9OTHdlVUVSNGZjWlVIbWJ0TVhMbS9ibW0xMTI2QWVmRTF3a0lRNTY3YjhHWTB0Kwo1WmZxaGc4V2JxcmlMZy9JTG96MjVpcU9waFAvQWdNQkFBR2pXVEJYTUE0R0ExVWREd0VCL3dRRUF3SUNwREFQCkJnTlZIUk1CQWY4RUJUQURBUUgvTUIwR0ExVWREZ1FXQkJSNGhMVjN0ZmM0ZjViUGM3cDZxa09zaStObFBqQVYKQmdOVkhSRUVEakFNZ2dwcmRXSmxjbTVsZEdWek1BMEdDU3FHU0liM0RRRUJDd1VBQTRJQkFRQlJ6RExmb0NvdwpxWHREeFFRYTZVc1E1cFh5RTNiczdDMHRwUTAwZ1VnbHFHTWl0dk9Na2FHdFMzRC9BYzBNL3k2M3BaV0tXUzdlCktSaTUxYWkxY0RHUUY1SDhaZWQwaGlYNzRRVmZxUE9JdDQ3NTZhU0dGemFoWEN3VWxYcHMzVDduR2dSSFdTVVEKZGJqSGVFZ0FJZnpQMG1BQkV3K3Bzc0RsZ3grNy9ZblFPNmJ3N0kxZFJFNC9DUlFVZWtkR0x5NW5VS3lJKy80eQpDUHcvYmh0ZG1lYlhmZlpndjkrRWpDZmNIVmdzVVVNL0Q3aXpWSTF5SklVOXc3NEZRN2VlZVRHVVZodkJDUUQzCnZHVENzbEVIdXIvaWhheEh1VFRHZERVbTMvNm1KQjdNUDZwVWU2YlpqMFpYOTdYai9MSkJ1bmZFZ1N0cjZlMnYKRzdDeFdUSmhUTlA4Ci0tLS0tRU5EIENFUlRJRklDQVRFLS0tLS0K",
      "type": "string"
    },
    "ideal_cluster_endpoint": {
      "value": "https://71AEED8613C76696D36EA9D1A99B1C63.gr7.us-east-2.eks.amazonaws.com",
      "type": "string"
    }
  },
  "resources": [
    {
      "mode": "managed",
      "type": "aws_eks_cluster",
      "name": "ideal_eks_cluster",
      "provider": "provider[\"registry.terraform.io/hashicorp/aws\"]",
      "instances": [
        {
          "schema_version": 0,
          "attributes": {
            "access_config": [
              {
                "authentication_mode": "CONFIG_MAP",
                "bootstrap_cluster_creator_admin_permissions": false
              }
            ],
            "arn": "arn:aws:eks:us-east-2:946262894364:cluster/IdealSoftwareCluster",
            "certificate_authority": [
              {
                "data": "LS0tLS1CRUdJTiBDRVJUSUZJQ0FURS0tLS0tCk1JSURCVENDQWUyZ0F3SUJBZ0lJQ1hzakxIeCtWVm93RFFZSktvWklodmNOQVFFTEJRQXdGVEVUTUJFR0ExVUUKQXhNS2EzVmlaWEp1WlhSbGN6QWVGdzB5TkRBME1EY3dOalU1TVRWYUZ3MHpOREEwTURVd056QTBNVFZhTUJVeApFekFSQmdOVkJBTVRDbXQxWW1WeWJtVjBaWE13Z2dFaU1BMEdDU3FHU0liM0RRRUJBUVVBQTRJQkR3QXdnZ0VLCkFvSUJBUUMrdFZTUDNjWEpjSVZvSFUyQlBoODA2TVZ0K3F6dDNGT3NhM21DUmNLNEVVVXlXdFJKNkpXUHNqYnMKcjZOZHhidFZNTG5LdjAwZk84Q1loMzR3UllGWTFLb0NKQkxVZm1Pa3BUaHc4bDBBeVkySS83MjhMT1VrYk9iYwpETGEyNHM4YjBCZ05wTG5TUGhHcUM4NzFoeE1McVBQMWFQRUtjT2REeUZ2aXlDWXpzR0xsTlR3d1MzU1FORG9tClZZaXM2V0l3Q3JERU83ZkUvYmtzbjlXRkEzZ2Yza1paQjhXb285dlFQQUNnWXFFdEZwOGpoZFI5eW9PSjdPVUkKUU5uQ0N4K0k1ak1hcndUUk9OTHdlVUVSNGZjWlVIbWJ0TVhMbS9ibW0xMTI2QWVmRTF3a0lRNTY3YjhHWTB0Kwo1WmZxaGc4V2JxcmlMZy9JTG96MjVpcU9waFAvQWdNQkFBR2pXVEJYTUE0R0ExVWREd0VCL3dRRUF3SUNwREFQCkJnTlZIUk1CQWY4RUJUQURBUUgvTUIwR0ExVWREZ1FXQkJSNGhMVjN0ZmM0ZjViUGM3cDZxa09zaStObFBqQVYKQmdOVkhSRUVEakFNZ2dwcmRXSmxjbTVsZEdWek1BMEdDU3FHU0liM0RRRUJDd1VBQTRJQkFRQlJ6RExmb0NvdwpxWHREeFFRYTZVc1E1cFh5RTNiczdDMHRwUTAwZ1VnbHFHTWl0dk9Na2FHdFMzRC9BYzBNL3k2M3BaV0tXUzdlCktSaTUxYWkxY0RHUUY1SDhaZWQwaGlYNzRRVmZxUE9JdDQ3NTZhU0dGemFoWEN3VWxYcHMzVDduR2dSSFdTVVEKZGJqSGVFZ0FJZnpQMG1BQkV3K3Bzc0RsZ3grNy9ZblFPNmJ3N0kxZFJFNC9DUlFVZWtkR0x5NW5VS3lJKy80eQpDUHcvYmh0ZG1lYlhmZlpndjkrRWpDZmNIVmdzVVVNL0Q3aXpWSTF5SklVOXc3NEZRN2VlZVRHVVZodkJDUUQzCnZHVENzbEVIdXIvaWhheEh1VFRHZERVbTMvNm1KQjdNUDZwVWU2YlpqMFpYOTdYai9MSkJ1bmZFZ1N0cjZlMnYKRzdDeFdUSmhUTlA4Ci0tLS0tRU5EIENFUlRJRklDQVRFLS0tLS0K"
              }
            ],
            "cluster_id": null,
            "created_at": "2024-04-07 06:59:40.847 +0000 UTC",
            "enabled_cluster_log_types": [],
            "encryption_config": [],
            "endpoint": "https://71AEED8613C76696D36EA9D1A99B1C63.gr7.us-east-2.eks.amazonaws.com",
            "id": "IdealSoftwareCluster",
            "identity": [
              {
                "oidc": [
                  {
                    "issuer": "https://oidc.eks.us-east-2.amazonaws.com/id/71AEED8613C76696D36EA9D1A99B1C63"
                  }
                ]
              }
            ],
            "kubernetes_network_config": [
              {
                "ip_family": "ipv4",
                "service_ipv4_cidr": "172.20.0.0/16",
                "service_ipv6_cidr": ""
              }
            ],
            "name": "IdealSoftwareCluster",
            "outpost_config": [],
            "platform_version": "eks.5",
            "role_arn": "arn:aws:iam::946262894364:role/IdealSoftwareClusterRoleEKS",
            "status": "ACTIVE",
            "tags": {},
            "tags_all": {},
            "timeouts": null,
            "version": "1.29",
            "vpc_config": [
              {
                "cluster_security_group_id": "sg-0bdbca00f39165048",
                "endpoint_private_access": false,
                "endpoint_public_access": true,
                "public_access_cidrs": [
                  "0.0.0.0/0"
                ],
                "security_group_ids": [
                  "sg-05da67a8cf1f2d06a"
                ],
                "subnet_ids": [
                  "subnet-0647476bc212b72d3",
                  "subnet-0b22ad77de589552a"
                ],
                "vpc_id": "vpc-0066e08aa8f9df33b"
              }
            ]
          },
          "sensitive_attributes": [],
          "private": "eyJlMmJmYjczMC1lY2FhLTExZTYtOGY4OC0zNDM2M2JjN2M0YzAiOnsiY3JlYXRlIjoxODAwMDAwMDAwMDAwLCJkZWxldGUiOjkwMDAwMDAwMDAwMCwidXBkYXRlIjozNjAwMDAwMDAwMDAwfX0="
        }
      ]
    },
    {
      "mode": "managed",
      "type": "aws_eks_node_group",
      "name": "ideal_node_group",
      "provider": "provider[\"registry.terraform.io/hashicorp/aws\"]",
      "instances": [
        {
          "status": "tainted",
          "schema_version": 0,
          "attributes": {
            "ami_type": null,
            "arn": null,
            "capacity_type": null,
            "cluster_name": "IdealSoftwareCluster",
            "disk_size": null,
            "force_update_version": null,
            "id": "IdealSoftwareCluster:IdealSoftwareNodeGroup",
            "instance_types": [
              "t2.micro"
            ],
            "labels": null,
            "launch_template": [],
            "node_group_name": "IdealSoftwareNodeGroup",
            "node_group_name_prefix": null,
            "node_role_arn": "arn:aws:iam::946262894364:role/IdealSoftwareClusterRoleEKS",
            "release_version": null,
            "remote_access": [],
            "resources": null,
            "scaling_config": [
              {
                "desired_size": 1,
                "max_size": 2,
                "min_size": 1
              }
            ],
            "status": null,
            "subnet_ids": [
              "subnet-0647476bc212b72d3",
              "subnet-0b22ad77de589552a"
            ],
            "tags": null,
            "tags_all": null,
            "taint": [],
            "timeouts": null,
            "update_config": null,
            "version": null
          },
          "sensitive_attributes": [],
          "private": "eyJlMmJmYjczMC1lY2FhLTExZTYtOGY4OC0zNDM2M2JjN2M0YzAiOnsiY3JlYXRlIjozNjAwMDAwMDAwMDAwLCJkZWxldGUiOjM2MDAwMDAwMDAwMDAsInVwZGF0ZSI6MzYwMDAwMDAwMDAwMH19",
          "dependencies": [
            "aws_eks_cluster.ideal_eks_cluster"
          ]
        }
      ]
    }
  ],
  "check_results": null
}
